{
  "lockfile-version": 1,
  "manifest": {
    "version": 1,
    "install": {
      "terraform": {
        "pkg-path": "terraform"
      }
    },
    "hook": {},
    "profile": {},
    "options": {}
  },
  "packages": [
    {
      "attr_path": "terraform",
      "broken": false,
      "derivation": "/nix/store/ams5hmadjx1z4k0cdjv71l0wvdmrn3nl-terraform-1.12.2.drv",
      "description": "Tool for building, changing, and versioning infrastructure",
      "install_id": "terraform",
      "license": "BUSL-1.1",
      "locked_url": "https://github.com/flox/nixpkgs?rev=94def634a20494ee057c76998843c015909d6311",
      "name": "terraform-1.12.2",
      "pname": "terraform",
      "rev": "94def634a20494ee057c76998843c015909d6311",
      "rev_count": 837094,
      "rev_date": "2025-07-31T05:30:45Z",
      "scrape_date": "2025-08-02T00:29:52.254905Z",
      "stabilities": [
        "unstable"
      ],
      "unfree": true,
      "version": "1.12.2",
      "outputs_to_install": [
        "out"
      ],
      "outputs": {
        "out": "/nix/store/40gjbhfk5r4njbvkny3jcn8dz9slr138-terraform-1.12.2"
      },
      "system": "aarch64-darwin",
      "group": "toplevel",
      "priority": 5
    },
    {
      "attr_path": "terraform",
      "broken": false,
      "derivation": "/nix/store/vpbpkgbpykh650y02nsjza3ps0vkrbg9-terraform-1.12.2.drv",
      "description": "Tool for building, changing, and versioning infrastructure",
      "install_id": "terraform",
      "license": "BUSL-1.1",
      "locked_url": "https://github.com/flox/nixpkgs?rev=94def634a20494ee057c76998843c015909d6311",
      "name": "terraform-1.12.2",
      "pname": "terraform",
      "rev": "94def634a20494ee057c76998843c015909d6311",
      "rev_count": 837094,
      "rev_date": "2025-07-31T05:30:45Z",
      "scrape_date": "2025-08-02T00:50:30.656740Z",
      "stabilities": [
        "unstable"
      ],
      "unfree": true,
      "version": "1.12.2",
      "outputs_to_install": [
        "out"
      ],
      "outputs": {
        "out": "/nix/store/bvi0sf7qi75lk7aczgwp1bq811py9rj0-terraform-1.12.2"
      },
      "system": "aarch64-linux",
      "group": "toplevel",
      "priority": 5
    },
    {
      "attr_path": "terraform",
      "broken": false,
      "derivation": "/nix/store/77kxi37kvkds1267rh0fp7k1bivj9pdy-terraform-1.12.2.drv",
      "description": "Tool for building, changing, and versioning infrastructure",
      "install_id": "terraform",
      "license": "BUSL-1.1",
      "locked_url": "https://github.com/flox/nixpkgs?rev=94def634a20494ee057c76998843c015909d6311",
      "name": "terraform-1.12.2",
      "pname": "terraform",
      "rev": "94def634a20494ee057c76998843c015909d6311",
      "rev_count": 837094,
      "rev_date": "2025-07-31T05:30:45Z",
      "scrape_date": "2025-08-02T01:10:09.776372Z",
      "stabilities": [
        "unstable"
      ],
      "unfree": true,
      "version": "1.12.2",
      "outputs_to_install": [
        "out"
      ],
      "outputs": {
        "out": "/nix/store/km3x95bvr81n0lpyfr7nf00vifl3q6hy-terraform-1.12.2"
      },
      "system": "x86_64-darwin",
      "group": "toplevel",
      "priority": 5
    },
    {
      "attr_path": "terraform",
      "broken": false,
      "derivation": "/nix/store/cc7m006dq4wlrnipbgd2b7ql3yji47z0-terraform-1.12.2.drv",
      "description": "Tool for building, changing, and versioning infrastructure",
      "install_id": "terraform",
      "license": "BUSL-1.1",
      "locked_url": "https://github.com/flox/nixpkgs?rev=94def634a20494ee057c76998843c015909d6311",
      "name": "terraform-1.12.2",
      "pname": "terraform",
      "rev": "94def634a20494ee057c76998843c015909d6311",
      "rev_count": 837094,
      "rev_date": "2025-07-31T05:30:45Z",
      "scrape_date": "2025-08-02T01:35:05.131091Z",
      "stabilities": [
        "unstable"
      ],
      "unfree": true,
      "version": "1.12.2",
      "outputs_to_install": [
        "out"
      ],
      "outputs": {
        "out": "/nix/store/vxazqkmsxlc6fgx3kl53jxiwjszghwrm-terraform-1.12.2"
      },
      "system": "x86_64-linux",
      "group": "toplevel",
      "priority": 5
    }
  ]
}