{
  "lockfile-version": 1,
  "manifest": {
    "schema-version": "1.11.0",
    "install": {
      "gnumake": {
        "pkg-path": "gnumake",
        "outputs": "all"
      },
      "opentofu": {
        "pkg-path": "opentofu"
      },
      "tfmigrate": {
        "pkg-path": "tfmigrate"
      },
      "unzip": {
        "pkg-path": "unzip"
      }
    },
    "hook": {},
    "profile": {},
    "options": {}
  },
  "packages": [
    {
      "attr_path": "gnumake",
      "broken": false,
      "derivation": "/nix/store/6gi7nfysgzgi13fzz4vf8pv47j58r25f-gnumake-4.4.1.drv",
      "description": "Tool to control the generation of non-source files from sources",
      "install_id": "gnumake",
      "license": "GPL-3.0-or-later",
      "locked_url": "https://github.com/flox/nixpkgs?rev=4c1018dae018162ec878d42fec712642d214fdfa",
      "name": "gnumake-4.4.1",
      "pname": "gnumake",
      "rev": "4c1018dae018162ec878d42fec712642d214fdfa",
      "rev_count": 977467,
      "rev_date": "2026-04-09T04:48:10Z",
      "scrape_date": "2026-04-11T06:03:34.346008Z",
      "stabilities": [
        "unstable"
      ],
      "unfree": false,
      "version": "4.4.1",
      "outputs_to_install": [
        "man",
        "out"
      ],
      "outputs": {
        "doc": "/nix/store/hb81l6za1swj09szhxj902bjf9b9cwzc-gnumake-4.4.1-doc",
        "info": "/nix/store/xynyfhcn9r7jd4iakdr71yb6grabjgf7-gnumake-4.4.1-info",
        "man": "/nix/store/b2y9y7i57sml44mk7wl4ba8wr8adgavs-gnumake-4.4.1-man",
        "out": "/nix/store/y40n7jzzy9qydb120kxgbzi55mprbkfm-gnumake-4.4.1"
      },
      "system": "aarch64-darwin",
      "group": "toplevel",
      "priority": 5
    },
    {
      "attr_path": "gnumake",
      "broken": false,
      "derivation": "/nix/store/1if96cdzkwg2hyiabzsjskhvggamkjq1-gnumake-4.4.1.drv",
      "description": "Tool to control the generation of non-source files from sources",
      "install_id": "gnumake",
      "license": "GPL-3.0-or-later",
      "locked_url": "https://github.com/flox/nixpkgs?rev=4c1018dae018162ec878d42fec712642d214fdfa",
      "name": "gnumake-4.4.1",
      "pname": "gnumake",
      "rev": "4c1018dae018162ec878d42fec712642d214fdfa",
      "rev_count": 977467,
      "rev_date": "2026-04-09T04:48:10Z",
      "scrape_date": "2026-04-11T06:35:00.941736Z",
      "stabilities": [
        "unstable"
      ],
      "unfree": false,
      "version": "4.4.1",
      "outputs_to_install": [
        "man",
        "out"
      ],
      "outputs": {
        "debug": "/nix/store/px43zlq4bz3zjmc91b6wb6949c8dfxvi-gnumake-4.4.1-debug",
        "doc": "/nix/store/jhss2k9jczl72jk284kvaj9303yvylwy-gnumake-4.4.1-doc",
        "info": "/nix/store/1qf6j3yza10lw1iy9w0qm9gliqzfw6xk-gnumake-4.4.1-info",
        "man": "/nix/store/j4psv3ifmnw0wa8p38rxv5k6vskz4wcs-gnumake-4.4.1-man",
        "out": "/nix/store/j8hf0sbds6y5il4vb2bz3rx0xivmnsl1-gnumake-4.4.1"
      },
      "system": "aarch64-linux",
      "group": "toplevel",
      "priority": 5
    },
    {
      "attr_path": "gnumake",
      "broken": false,
      "derivation": "/nix/store/x36hsg814apahf4jqpjryxpglghilpw4-gnumake-4.4.1.drv",
      "description": "Tool to control the generation of non-source files from sources",
      "install_id": "gnumake",
      "license": "GPL-3.0-or-later",
      "locked_url": "https://github.com/flox/nixpkgs?rev=4c1018dae018162ec878d42fec712642d214fdfa",
      "name": "gnumake-4.4.1",
      "pname": "gnumake",
      "rev": "4c1018dae018162ec878d42fec712642d214fdfa",
      "rev_count": 977467,
      "rev_date": "2026-04-09T04:48:10Z",
      "scrape_date": "2026-04-11T07:05:09.443500Z",
      "stabilities": [
        "unstable"
      ],
      "unfree": false,
      "version": "4.4.1",
      "outputs_to_install": [
        "man",
        "out"
      ],
      "outputs": {
        "doc": "/nix/store/2fz6r9nchhyn4i7f9gg5assx9ld2j3mm-gnumake-4.4.1-doc",
        "info": "/nix/store/h0jgx7zbyyvhcj0lq0la6siv4d3bl9xa-gnumake-4.4.1-info",
        "man": "/nix/store/r2qnj53aynk05zan3z2j960klx7085dq-gnumake-4.4.1-man",
        "out": "/nix/store/bijx0sq7avqq7apvqsfb3lmza97lpcxz-gnumake-4.4.1"
      },
      "system": "x86_64-darwin",
      "group": "toplevel",
      "priority": 5
    },
    {
      "attr_path": "gnumake",
      "broken": false,
      "derivation": "/nix/store/rdw0vaa7xc9wzms9i0npw1a1w378y6n9-gnumake-4.4.1.drv",
      "description": "Tool to control the generation of non-source files from sources",
      "install_id": "gnumake",
      "license": "GPL-3.0-or-later",
      "locked_url": "https://github.com/flox/nixpkgs?rev=4c1018dae018162ec878d42fec712642d214fdfa",
      "name": "gnumake-4.4.1",
      "pname": "gnumake",
      "rev": "4c1018dae018162ec878d42fec712642d214fdfa",
      "rev_count": 977467,
      "rev_date": "2026-04-09T04:48:10Z",
      "scrape_date": "2026-04-11T07:39:15.201652Z",
      "stabilities": [
        "unstable"
      ],
      "unfree": false,
      "version": "4.4.1",
      "outputs_to_install": [
        "man",
        "out"
      ],
      "outputs": {
        "debug": "/nix/store/bzap48lhfqcjczhj2ry3gwqjh9klkgxf-gnumake-4.4.1-debug",
        "doc": "/nix/store/0jx03f9vis4zp8b7s2ybp9anlgk68ihy-gnumake-4.4.1-doc",
        "info": "/nix/store/pbs6fhcn3gjr6x9fzdlk0kwqg1m5gk5g-gnumake-4.4.1-info",
        "man": "/nix/store/p75qwzzsxdhpnhdjx4fbjy20p9qxp326-gnumake-4.4.1-man",
        "out": "/nix/store/45npani18v2m7sbkrzrv2xyilyghrny9-gnumake-4.4.1"
      },
      "system": "x86_64-linux",
      "group": "toplevel",
      "priority": 5
    },
    {
      "attr_path": "opentofu",
      "broken": false,
      "derivation": "/nix/store/mj1qb9wd3155yz1yvc3d07ix3fjxw3mk-opentofu-1.11.6.drv",
      "description": "Tool for building, changing, and versioning infrastructure",
      "install_id": "opentofu",
      "license": "MPL-2.0",
      "locked_url": "https://github.com/flox/nixpkgs?rev=4c1018dae018162ec878d42fec712642d214fdfa",
      "name": "opentofu-1.11.6",
      "pname": "opentofu",
      "rev": "4c1018dae018162ec878d42fec712642d214fdfa",
      "rev_count": 977467,
      "rev_date": "2026-04-09T04:48:10Z",
      "scrape_date": "2026-04-11T06:04:03.015427Z",
      "stabilities": [
        "unstable"
      ],
      "unfree": false,
      "version": "1.11.6",
      "outputs_to_install": [
        "out"
      ],
      "outputs": {
        "out": "/nix/store/2q8yhgimylc6ccsjh2j9cpygfdkk441w-opentofu-1.11.6"
      },
      "system": "aarch64-darwin",
      "group": "toplevel",
      "priority": 5
    },
    {
      "attr_path": "opentofu",
      "broken": false,
      "derivation": "/nix/store/xczdnrvw36y9740zd8ljl8gvf7zcysdm-opentofu-1.11.6.drv",
      "description": "Tool for building, changing, and versioning infrastructure",
      "install_id": "opentofu",
      "license": "MPL-2.0",
      "locked_url": "https://github.com/flox/nixpkgs?rev=4c1018dae018162ec878d42fec712642d214fdfa",
      "name": "opentofu-1.11.6",
      "pname": "opentofu",
      "rev": "4c1018dae018162ec878d42fec712642d214fdfa",
      "rev_count": 977467,
      "rev_date": "2026-04-09T04:48:10Z",
      "scrape_date": "2026-04-11T06:35:43.303835Z",
      "stabilities": [
        "unstable"
      ],
      "unfree": false,
      "version": "1.11.6",
      "outputs_to_install": [
        "out"
      ],
      "outputs": {
        "out": "/nix/store/v6bwbpix3hqpbyidqpmlazidhlhwqlbl-opentofu-1.11.6"
      },
      "system": "aarch64-linux",
      "group": "toplevel",
      "priority": 5
    },
    {
      "attr_path": "opentofu",
      "broken": false,
      "derivation": "/nix/store/z1rymwq05hq5130mn682m56qmcl724pz-opentofu-1.11.6.drv",
      "description": "Tool for building, changing, and versioning infrastructure",
      "install_id": "opentofu",
      "license": "MPL-2.0",
      "locked_url": "https://github.com/flox/nixpkgs?rev=4c1018dae018162ec878d42fec712642d214fdfa",
      "name": "opentofu-1.11.6",
      "pname": "opentofu",
      "rev": "4c1018dae018162ec878d42fec712642d214fdfa",
      "rev_count": 977467,
      "rev_date": "2026-04-09T04:48:10Z",
      "scrape_date": "2026-04-11T07:05:37.444641Z",
      "stabilities": [
        "unstable"
      ],
      "unfree": false,
      "version": "1.11.6",
      "outputs_to_install": [
        "out"
      ],
      "outputs": {
        "out": "/nix/store/3iambzj17slq072w9nj6aizkl7jg3kdr-opentofu-1.11.6"
      },
      "system": "x86_64-darwin",
      "group": "toplevel",
      "priority": 5
    },
    {
      "attr_path": "opentofu",
      "broken": false,
      "derivation": "/nix/store/wldvawrhipy6ykqnsgdd8jx37dcl9a4h-opentofu-1.11.6.drv",
      "description": "Tool for building, changing, and versioning infrastructure",
      "install_id": "opentofu",
      "license": "MPL-2.0",
      "locked_url": "https://github.com/flox/nixpkgs?rev=4c1018dae018162ec878d42fec712642d214fdfa",
      "name": "opentofu-1.11.6",
      "pname": "opentofu",
      "rev": "4c1018dae018162ec878d42fec712642d214fdfa",
      "rev_count": 977467,
      "rev_date": "2026-04-09T04:48:10Z",
      "scrape_date": "2026-04-11T07:39:59.784935Z",
      "stabilities": [
        "unstable"
      ],
      "unfree": false,
      "version": "1.11.6",
      "outputs_to_install": [
        "out"
      ],
      "outputs": {
        "out": "/nix/store/7ffsyb2jaw4qz9gayrjs4in8igiywypb-opentofu-1.11.6"
      },
      "system": "x86_64-linux",
      "group": "toplevel",
      "priority": 5
    },
    {
      "attr_path": "tfmigrate",
      "broken": false,
      "derivation": "/nix/store/lrsbbdvxq7mkx3jhfd4l0ir9x41q2zh7-tfmigrate-0.4.4.drv",
      "description": "Terraform / OpenTofu state migration tool for GitOps ",
      "install_id": "tfmigrate",
      "license": "MIT",
      "locked_url": "https://github.com/flox/nixpkgs?rev=4c1018dae018162ec878d42fec712642d214fdfa",
      "name": "tfmigrate-0.4.4",
      "pname": "tfmigrate",
      "rev": "4c1018dae018162ec878d42fec712642d214fdfa",
      "rev_count": 977467,
      "rev_date": "2026-04-09T04:48:10Z",
      "scrape_date": "2026-04-11T06:05:47.460685Z",
      "stabilities": [
        "unstable"
      ],
      "unfree": false,
      "version": "0.4.4",
      "outputs_to_install": [
        "out"
      ],
      "outputs": {
        "out": "/nix/store/dlm39ia2wjwjb60763i5y5va7yy7idh4-tfmigrate-0.4.4"
      },
      "system": "aarch64-darwin",
      "group": "toplevel",
      "priority": 5
    },
    {
      "attr_path": "tfmigrate",
      "broken": false,
      "derivation": "/nix/store/i979fk78j5x2dg4qpd4j28cnv8cmr4g6-tfmigrate-0.4.4.drv",
      "description": "Terraform / OpenTofu state migration tool for GitOps ",
      "install_id": "tfmigrate",
      "license": "MIT",
      "locked_url": "https://github.com/flox/nixpkgs?rev=4c1018dae018162ec878d42fec712642d214fdfa",
      "name": "tfmigrate-0.4.4",
      "pname": "tfmigrate",
      "rev": "4c1018dae018162ec878d42fec712642d214fdfa",
      "rev_count": 977467,
      "rev_date": "2026-04-09T04:48:10Z",
      "scrape_date": "2026-04-11T06:37:51.182100Z",
      "stabilities": [
        "unstable"
      ],
      "unfree": false,
      "version": "0.4.4",
      "outputs_to_install": [
        "out"
      ],
      "outputs": {
        "out": "/nix/store/66jlnv20pc5lzc1qbvybdwzcahy5x6lx-tfmigrate-0.4.4"
      },
      "system": "aarch64-linux",
      "group": "toplevel",
      "priority": 5
    },
    {
      "attr_path": "tfmigrate",
      "broken": false,
      "derivation": "/nix/store/hykdfs1nzw952jdyd2y9jxjya8qdj2lk-tfmigrate-0.4.4.drv",
      "description": "Terraform / OpenTofu state migration tool for GitOps ",
      "install_id": "tfmigrate",
      "license": "MIT",
      "locked_url": "https://github.com/flox/nixpkgs?rev=4c1018dae018162ec878d42fec712642d214fdfa",
      "name": "tfmigrate-0.4.4",
      "pname": "tfmigrate",
      "rev": "4c1018dae018162ec878d42fec712642d214fdfa",
      "rev_count": 977467,
      "rev_date": "2026-04-09T04:48:10Z",
      "scrape_date": "2026-04-11T07:07:17.620049Z",
      "stabilities": [
        "unstable"
      ],
      "unfree": false,
      "version": "0.4.4",
      "outputs_to_install": [
        "out"
      ],
      "outputs": {
        "out": "/nix/store/a6lmdg5j1n3aam8lssa76x7criabi4bp-tfmigrate-0.4.4"
      },
      "system": "x86_64-darwin",
      "group": "toplevel",
      "priority": 5
    },
    {
      "attr_path": "tfmigrate",
      "broken": false,
      "derivation": "/nix/store/7y8q8yxk6faw3rlqvy2gldr10xg1rybz-tfmigrate-0.4.4.drv",
      "description": "Terraform / OpenTofu state migration tool for GitOps ",
      "install_id": "tfmigrate",
      "license": "MIT",
      "locked_url": "https://github.com/flox/nixpkgs?rev=4c1018dae018162ec878d42fec712642d214fdfa",
      "name": "tfmigrate-0.4.4",
      "pname": "tfmigrate",
      "rev": "4c1018dae018162ec878d42fec712642d214fdfa",
      "rev_count": 977467,
      "rev_date": "2026-04-09T04:48:10Z",
      "scrape_date": "2026-04-11T07:42:15.381729Z",
      "stabilities": [
        "unstable"
      ],
      "unfree": false,
      "version": "0.4.4",
      "outputs_to_install": [
        "out"
      ],
      "outputs": {
        "out": "/nix/store/ypcpmyl0yah70zqs8yzzz1qym924v4rm-tfmigrate-0.4.4"
      },
      "system": "x86_64-linux",
      "group": "toplevel",
      "priority": 5
    },
    {
      "attr_path": "unzip",
      "broken": false,
      "derivation": "/nix/store/ym2bv1lpw5j03vrpr3zg5pla7nff5j3n-unzip-6.0.drv",
      "description": "Extraction utility for archives compressed in .zip format",
      "install_id": "unzip",
      "license": "Info-ZIP",
      "locked_url": "https://github.com/flox/nixpkgs?rev=4c1018dae018162ec878d42fec712642d214fdfa",
      "name": "unzip-6.0",
      "pname": "unzip",
      "rev": "4c1018dae018162ec878d42fec712642d214fdfa",
      "rev_count": 977467,
      "rev_date": "2026-04-09T04:48:10Z",
      "scrape_date": "2026-04-11T06:06:08.160803Z",
      "stabilities": [
        "unstable"
      ],
      "unfree": false,
      "version": "6.0",
      "outputs_to_install": [
        "out",
        "out"
      ],
      "outputs": {
        "out": "/nix/store/l1rkjx2mb3sc1yjan7x39f6qm1pzrfh7-unzip-6.0"
      },
      "system": "aarch64-darwin",
      "group": "toplevel",
      "priority": 5
    },
    {
      "attr_path": "unzip",
      "broken": false,
      "derivation": "/nix/store/bbcmi3ax7h5l90qgfi1kfqj0sbdxcjag-unzip-6.0.drv",
      "description": "Extraction utility for archives compressed in .zip format",
      "install_id": "unzip",
      "license": "Info-ZIP",
      "locked_url": "https://github.com/flox/nixpkgs?rev=4c1018dae018162ec878d42fec712642d214fdfa",
      "name": "unzip-6.0",
      "pname": "unzip",
      "rev": "4c1018dae018162ec878d42fec712642d214fdfa",
      "rev_count": 977467,
      "rev_date": "2026-04-09T04:48:10Z",
      "scrape_date": "2026-04-11T06:38:15.577601Z",
      "stabilities": [
        "unstable"
      ],
      "unfree": false,
      "version": "6.0",
      "outputs_to_install": [
        "out"
      ],
      "outputs": {
        "out": "/nix/store/mhc6n0yhl7wc3n4z3621j8a88zfjx0c0-unzip-6.0"
      },
      "system": "aarch64-linux",
      "group": "toplevel",
      "priority": 5
    },
    {
      "attr_path": "unzip",
      "broken": false,
      "derivation": "/nix/store/3j0cbnzmlpi7y9n4knx634miks0w9s9c-unzip-6.0.drv",
      "description": "Extraction utility for archives compressed in .zip format",
      "install_id": "unzip",
      "license": "Info-ZIP",
      "locked_url": "https://github.com/flox/nixpkgs?rev=4c1018dae018162ec878d42fec712642d214fdfa",
      "name": "unzip-6.0",
      "pname": "unzip",
      "rev": "4c1018dae018162ec878d42fec712642d214fdfa",
      "rev_count": 977467,
      "rev_date": "2026-04-09T04:48:10Z",
      "scrape_date": "2026-04-11T07:07:37.522456Z",
      "stabilities": [
        "unstable"
      ],
      "unfree": false,
      "version": "6.0",
      "outputs_to_install": [
        "out"
      ],
      "outputs": {
        "out": "/nix/store/38ac5gf7a90il75vhx9f62azw1rjnnzv-unzip-6.0"
      },
      "system": "x86_64-darwin",
      "group": "toplevel",
      "priority": 5
    },
    {
      "attr_path": "unzip",
      "broken": false,
      "derivation": "/nix/store/xj0k90lrp99m6j4bkl8a6zn7vbv6kyl2-unzip-6.0.drv",
      "description": "Extraction utility for archives compressed in .zip format",
      "install_id": "unzip",
      "license": "Info-ZIP",
      "locked_url": "https://github.com/flox/nixpkgs?rev=4c1018dae018162ec878d42fec712642d214fdfa",
      "name": "unzip-6.0",
      "pname": "unzip",
      "rev": "4c1018dae018162ec878d42fec712642d214fdfa",
      "rev_count": 977467,
      "rev_date": "2026-04-09T04:48:10Z",
      "scrape_date": "2026-04-11T07:42:40.664835Z",
      "stabilities": [
        "unstable"
      ],
      "unfree": false,
      "version": "6.0",
      "outputs_to_install": [
        "out"
      ],
      "outputs": {
        "out": "/nix/store/2x87m8sh0cm6qbh2myjppisxcb3j961m-unzip-6.0"
      },
      "system": "x86_64-linux",
      "group": "toplevel",
      "priority": 5
    }
  ]
}
